{
  "pins" : [
    {
      "identity" : "igeometry",
      "kind" : "localSourceControl",
      "location" : "/Users/nailsharipov/Projects/Triangulation/iGeometry",
      "state" : {
        "revision" : "57762d67b477c1bb298d5e93dbb67769a2fc4c0d",
        "version" : "2.0.0"
      }
    }
  ],
  "version" : 2
}
