{
  "pins" : [
    {
      "identity" : "igeometry",
      "kind" : "remoteSourceControl",
      "location" : "https://github.com/iShape-Swift/iGeometry",
      "state" : {
        "revision" : "7f7c9f19fcd4423c1c3f8edea0038bd92c425f68",
        "version" : "2.0.0"
      }
    }
  ],
  "version" : 2
}
