// !$*UTF8*$!
{
	archiveVersion = 1;
	classes = {
	};
	objectVersion = 56;
	objects = {

/* Begin PBXBuildFile section */
		54492FB22947064E002AF0A4 /* ABDifferenceApp.swift in Sources */ = {isa = PBXBuildFile; fileRef = 54492FB12947064E002AF0A4 /* ABDifferenceApp.swift */; };
		54492FB42947064E002AF0A4 /* ContentView.swift in Sources */ = {isa = PBXBuildFile; fileRef = 54492FB32947064E002AF0A4 /* ContentView.swift */; };
		54492FB629470650002AF0A4 /* Assets.xcassets in Resources */ = {isa = PBXBuildFile; fileRef = 54492FB529470650002AF0A4 /* Assets.xcassets */; };
		54492FB929470650002AF0A4 /* Preview Assets.xcassets in Resources */ = {isa = PBXBuildFile; fileRef = 54492FB829470650002AF0A4 /* Preview Assets.xcassets */; };
		54492FC629470719002AF0A4 /* PinView.swift in Sources */ = {isa = PBXBuildFile; fileRef = 54492FC529470719002AF0A4 /* PinView.swift */; };
		54492FC829470725002AF0A4 /* ViewModel.swift in Sources */ = {isa = PBXBuildFile; fileRef = 54492FC729470725002AF0A4 /* ViewModel.swift */; };
		54492FCA29470736002AF0A4 /* Test.swift in Sources */ = {isa = PBXBuildFile; fileRef = 54492FC929470736002AF0A4 /* Test.swift */; };
		54492FCD29470779002AF0A4 /* DebugUtil in Frameworks */ = {isa = PBXBuildFile; productRef = 54492FCC29470779002AF0A4 /* DebugUtil */; };
		54492FCF29470779002AF0A4 /* iGeometry in Frameworks */ = {isa = PBXBuildFile; productRef = 54492FCE29470779002AF0A4 /* iGeometry */; };
		54492FD129470779002AF0A4 /* iShapeOverlay in Frameworks */ = {isa = PBXBuildFile; productRef = 54492FD029470779002AF0A4 /* iShapeOverlay */; };
/* End PBXBuildFile section */

/* Begin PBXFileReference section */
		54492FAE2947064E002AF0A4 /* ABDifference.app */ = {isa = PBXFileReference; explicitFileType = wrapper.application; includeInIndex = 0; path = ABDifference.app; sourceTree = BUILT_PRODUCTS_DIR; };
		54492FB12947064E002AF0A4 /* ABDifferenceApp.swift */ = {isa = PBXFileReference; lastKnownFileType = sourcecode.swift; path = ABDifferenceApp.swift; sourceTree = "<group>"; };
		54492FB32947064E002AF0A4 /* ContentView.swift */ = {isa = PBXFileReference; lastKnownFileType = sourcecode.swift; path = ContentView.swift; sourceTree = "<group>"; };
		54492FB529470650002AF0A4 /* Assets.xcassets */ = {isa = PBXFileReference; lastKnownFileType = folder.assetcatalog; path = Assets.xcassets; sourceTree = "<group>"; };
		54492FB829470650002AF0A4 /* Preview Assets.xcassets */ = {isa = PBXFileReference; lastKnownFileType = folder.assetcatalog; path = "Preview Assets.xcassets"; sourceTree = "<group>"; };
		54492FBA29470650002AF0A4 /* ABDifference.entitlements */ = {isa = PBXFileReference; lastKnownFileType = text.plist.entitlements; path = ABDifference.entitlements; sourceTree = "<group>"; };
		54492FC1294706B7002AF0A4 /* iShapeOverlay */ = {isa = PBXFileReference; lastKnownFileType = wrapper; name = iShapeOverlay; path = ../../..; sourceTree = "<group>"; };
		54492FC2294706CE002AF0A4 /* iGeometry */ = {isa = PBXFileReference; lastKnownFileType = wrapper; name = iGeometry; path = ../../../../iGeometry; sourceTree = "<group>"; };
		54492FC3294706DC002AF0A4 /* DebugUtil */ = {isa = PBXFileReference; lastKnownFileType = wrapper; name = DebugUtil; path = ../../DebugUtil; sourceTree = "<group>"; };
		54492FC529470719002AF0A4 /* PinView.swift */ = {isa = PBXFileReference; lastKnownFileType = sourcecode.swift; path = PinView.swift; sourceTree = "<group>"; };
		54492FC729470725002AF0A4 /* ViewModel.swift */ = {isa = PBXFileReference; lastKnownFileType = sourcecode.swift; path = ViewModel.swift; sourceTree = "<group>"; };
		54492FC929470736002AF0A4 /* Test.swift */ = {isa = PBXFileReference; lastKnownFileType = sourcecode.swift; path = Test.swift; sourceTree = "<group>"; };
/* End PBXFileReference section */

/* Begin PBXFrameworksBuildPhase section */
		54492FAB2947064E002AF0A4 /* Frameworks */ = {
			isa = PBXFrameworksBuildPhase;
			buildActionMask = 2147483647;
			files = (
				54492FD129470779002AF0A4 /* iShapeOverlay in Frameworks */,
				54492FCF29470779002AF0A4 /* iGeometry in Frameworks */,
				54492FCD29470779002AF0A4 /* DebugUtil in Frameworks */,
			);
			runOnlyForDeploymentPostprocessing = 0;
		};
/* End PBXFrameworksBuildPhase section */

/* Begin PBXGroup section */
		54492FA52947064E002AF0A4 = {
			isa = PBXGroup;
			children = (
				54492FC0294706B7002AF0A4 /* Packages */,
				54492FB02947064E002AF0A4 /* ABDifference */,
				54492FAF2947064E002AF0A4 /* Products */,
				54492FCB29470779002AF0A4 /* Frameworks */,
			);
			sourceTree = "<group>";
		};
		54492FAF2947064E002AF0A4 /* Products */ = {
			isa = PBXGroup;
			children = (
				54492FAE2947064E002AF0A4 /* ABDifference.app */,
			);
			name = Products;
			sourceTree = "<group>";
		};
		54492FB02947064E002AF0A4 /* ABDifference */ = {
			isa = PBXGroup;
			children = (
				54492FC429470700002AF0A4 /* View */,
				54492FB12947064E002AF0A4 /* ABDifferenceApp.swift */,
				54492FB529470650002AF0A4 /* Assets.xcassets */,
				54492FBA29470650002AF0A4 /* ABDifference.entitlements */,
				54492FB729470650002AF0A4 /* Preview Content */,
			);
			path = ABDifference;
			sourceTree = "<group>";
		};
		54492FB729470650002AF0A4 /* Preview Content */ = {
			isa = PBXGroup;
			children = (
				54492FB829470650002AF0A4 /* Preview Assets.xcassets */,
			);
			path = "Preview Content";
			sourceTree = "<group>";
		};
		54492FC0294706B7002AF0A4 /* Packages */ = {
			isa = PBXGroup;
			children = (
				54492FC1294706B7002AF0A4 /* iShapeOverlay */,
				54492FC2294706CE002AF0A4 /* iGeometry */,
				54492FC3294706DC002AF0A4 /* DebugUtil */,
			);
			name = Packages;
			sourceTree = "<group>";
		};
		54492FC429470700002AF0A4 /* View */ = {
			isa = PBXGroup;
			children = (
				54492FB32947064E002AF0A4 /* ContentView.swift */,
				54492FC529470719002AF0A4 /* PinView.swift */,
				54492FC729470725002AF0A4 /* ViewModel.swift */,
				54492FC929470736002AF0A4 /* Test.swift */,
			);
			path = View;
			sourceTree = "<group>";
		};
		54492FCB29470779002AF0A4 /* Frameworks */ = {
			isa = PBXGroup;
			children = (
			);
			name = Frameworks;
			sourceTree = "<group>";
		};
/* End PBXGroup section */

/* Begin PBXNativeTarget section */
		54492FAD2947064E002AF0A4 /* ABDifference */ = {
			isa = PBXNativeTarget;
			buildConfigurationList = 54492FBD29470650002AF0A4 /* Build configuration list for PBXNativeTarget "ABDifference" */;
			buildPhases = (
				54492FAA2947064E002AF0A4 /* Sources */,
				54492FAB2947064E002AF0A4 /* Frameworks */,
				54492FAC2947064E002AF0A4 /* Resources */,
			);
			buildRules = (
			);
			dependencies = (
			);
			name = ABDifference;
			packageProductDependencies = (
				54492FCC29470779002AF0A4 /* DebugUtil */,
				54492FCE29470779002AF0A4 /* iGeometry */,
				54492FD029470779002AF0A4 /* iShapeOverlay */,
			);
			productName = ABDifference;
			productReference = 54492FAE2947064E002AF0A4 /* ABDifference.app */;
			productType = "com.apple.product-type.application";
		};
/* End PBXNativeTarget section */

/* Begin PBXProject section */
		54492FA62947064E002AF0A4 /* Project object */ = {
			isa = PBXProject;
			attributes = {
				BuildIndependentTargetsInParallel = 1;
				LastSwiftUpdateCheck = 1410;
				LastUpgradeCheck = 1410;
				TargetAttributes = {
					54492FAD2947064E002AF0A4 = {
						CreatedOnToolsVersion = 14.1;
					};
				};
			};
			buildConfigurationList = 54492FA92947064E002AF0A4 /* Build configuration list for PBXProject "ABDifference" */;
			compatibilityVersion = "Xcode 14.0";
			developmentRegion = en;
			hasScannedForEncodings = 0;
			knownRegions = (
				en,
				Base,
			);
			mainGroup = 54492FA52947064E002AF0A4;
			productRefGroup = 54492FAF2947064E002AF0A4 /* Products */;
			projectDirPath = "";
			projectRoot = "";
			targets = (
				54492FAD2947064E002AF0A4 /* ABDifference */,
			);
		};
/* End PBXProject section */

/* Begin PBXResourcesBuildPhase section */
		54492FAC2947064E002AF0A4 /* Resources */ = {
			isa = PBXResourcesBuildPhase;
			buildActionMask = 2147483647;
			files = (
				54492FB929470650002AF0A4 /* Preview Assets.xcassets in Resources */,
				54492FB629470650002AF0A4 /* Assets.xcassets in Resources */,
			);
			runOnlyForDeploymentPostprocessing = 0;
		};
/* End PBXResourcesBuildPhase section */

/* Begin PBXSourcesBuildPhase section */
		54492FAA2947064E002AF0A4 /* Sources */ = {
			isa = PBXSourcesBuildPhase;
			buildActionMask = 2147483647;
			files = (
				54492FB42947064E002AF0A4 /* ContentView.swift in Sources */,
				54492FB22947064E002AF0A4 /* ABDifferenceApp.swift in Sources */,
				54492FCA29470736002AF0A4 /* Test.swift in Sources */,
				54492FC829470725002AF0A4 /* ViewModel.swift in Sources */,
				54492FC629470719002AF0A4 /* PinView.swift in Sources */,
			);
			runOnlyForDeploymentPostprocessing = 0;
		};
/* End PBXSourcesBuildPhase section */

/* Begin XCBuildConfiguration section */
		54492FBB29470650002AF0A4 /* Debug */ = {
			isa = XCBuildConfiguration;
			buildSettings = {
				ALWAYS_SEARCH_USER_PATHS = NO;
				CLANG_ANALYZER_NONNULL = YES;
				CLANG_ANALYZER_NUMBER_OBJECT_CONVERSION = YES_AGGRESSIVE;
				CLANG_CXX_LANGUAGE_STANDARD = "gnu++20";
				CLANG_ENABLE_MODULES = YES;
				CLANG_ENABLE_OBJC_ARC = YES;
				CLANG_ENABLE_OBJC_WEAK = YES;
				CLANG_WARN_BLOCK_CAPTURE_AUTORELEASING = YES;
				CLANG_WARN_BOOL_CONVERSION = YES;
				CLANG_WARN_COMMA = YES;
				CLANG_WARN_CONSTANT_CONVERSION = YES;
				CLANG_WARN_DEPRECATED_OBJC_IMPLEMENTATIONS = YES;
				CLANG_WARN_DIRECT_OBJC_ISA_USAGE = YES_ERROR;
				CLANG_WARN_DOCUMENTATION_COMMENTS = YES;
				CLANG_WARN_EMPTY_BODY = YES;
				CLANG_WARN_ENUM_CONVERSION = YES;
				CLANG_WARN_INFINITE_RECURSION = YES;
				CLANG_WARN_INT_CONVERSION = YES;
				CLANG_WARN_NON_LITERAL_NULL_CONVERSION = YES;
				CLANG_WARN_OBJC_IMPLICIT_RETAIN_SELF = YES;
				CLANG_WARN_OBJC_LITERAL_CONVERSION = YES;
				CLANG_WARN_OBJC_ROOT_CLASS = YES_ERROR;
				CLANG_WARN_QUOTED_INCLUDE_IN_FRAMEWORK_HEADER = YES;
				CLANG_WARN_RANGE_LOOP_ANALYSIS = YES;
				CLANG_WARN_STRICT_PROTOTYPES = YES;
				CLANG_WARN_SUSPICIOUS_MOVE = YES;
				CLANG_WARN_UNGUARDED_AVAILABILITY = YES_AGGRESSIVE;
				CLANG_WARN_UNREACHABLE_CODE = YES;
				CLANG_WARN__DUPLICATE_METHOD_MATCH = YES;
				COPY_PHASE_STRIP = NO;
				DEBUG_INFORMATION_FORMAT = dwarf;
				ENABLE_STRICT_OBJC_MSGSEND = YES;
				ENABLE_TESTABILITY = YES;
				GCC_C_LANGUAGE_STANDARD = gnu11;
				GCC_DYNAMIC_NO_PIC = NO;
				GCC_NO_COMMON_BLOCKS = YES;
				GCC_OPTIMIZATION_LEVEL = 0;
				GCC_PREPROCESSOR_DEFINITIONS = (
					"DEBUG=1",
					"$(inherited)",
				);
				GCC_WARN_64_TO_32_BIT_CONVERSION = YES;
				GCC_WARN_ABOUT_RETURN_TYPE = YES_ERROR;
				GCC_WARN_UNDECLARED_SELECTOR = YES;
				GCC_WARN_UNINITIALIZED_AUTOS = YES_AGGRESSIVE;
				GCC_WARN_UNUSED_FUNCTION = YES;
				GCC_WARN_UNUSED_VARIABLE = YES;
				MACOSX_DEPLOYMENT_TARGET = 13.0;
				MTL_ENABLE_DEBUG_INFO = INCLUDE_SOURCE;
				MTL_FAST_MATH = YES;
				ONLY_ACTIVE_ARCH = YES;
				SDKROOT = macosx;
				SWIFT_ACTIVE_COMPILATION_CONDITIONS = DEBUG;
				SWIFT_OPTIMIZATION_LEVEL = "-Onone";
			};
			name = Debug;
		};
		54492FBC29470650002AF0A4 /* Release */ = {
			isa = XCBuildConfiguration;
			buildSettings = {
				ALWAYS_SEARCH_USER_PATHS = NO;
				CLANG_ANALYZER_NONNULL = YES;
				CLANG_ANALYZER_NUMBER_OBJECT_CONVERSION = YES_AGGRESSIVE;
				CLANG_CXX_LANGUAGE_STANDARD = "gnu++20";
				CLANG_ENABLE_MODULES = YES;
				CLANG_ENABLE_OBJC_ARC = YES;
				CLANG_ENABLE_OBJC_WEAK = YES;
				CLANG_WARN_BLOCK_CAPTURE_AUTORELEASING = YES;
				CLANG_WARN_BOOL_CONVERSION = YES;
				CLANG_WARN_COMMA = YES;
				CLANG_WARN_CONSTANT_CONVERSION = YES;
				CLANG_WARN_DEPRECATED_OBJC_IMPLEMENTATIONS = YES;
				CLANG_WARN_DIRECT_OBJC_ISA_USAGE = YES_ERROR;
				CLANG_WARN_DOCUMENTATION_COMMENTS = YES;
				CLANG_WARN_EMPTY_BODY = YES;
				CLANG_WARN_ENUM_CONVERSION = YES;
				CLANG_WARN_INFINITE_RECURSION = YES;
				CLANG_WARN_INT_CONVERSION = YES;
				CLANG_WARN_NON_LITERAL_NULL_CONVERSION = YES;
				CLANG_WARN_OBJC_IMPLICIT_RETAIN_SELF = YES;
				CLANG_WARN_OBJC_LITERAL_CONVERSION = YES;
				CLANG_WARN_OBJC_ROOT_CLASS = YES_ERROR;
				CLANG_WARN_QUOTED_INCLUDE_IN_FRAMEWORK_HEADER = YES;
				CLANG_WARN_RANGE_LOOP_ANALYSIS = YES;
				CLANG_WARN_STRICT_PROTOTYPES = YES;
				CLANG_WARN_SUSPICIOUS_MOVE = YES;
				CLANG_WARN_UNGUARDED_AVAILABILITY = YES_AGGRESSIVE;
				CLANG_WARN_UNREACHABLE_CODE = YES;
				CLANG_WARN__DUPLICATE_METHOD_MATCH = YES;
				COPY_PHASE_STRIP = NO;
				DEBUG_INFORMATION_FORMAT = "dwarf-with-dsym";
				ENABLE_NS_ASSERTIONS = NO;
				ENABLE_STRICT_OBJC_MSGSEND = YES;
				GCC_C_LANGUAGE_STANDARD = gnu11;
				GCC_NO_COMMON_BLOCKS = YES;
				GCC_WARN_64_TO_32_BIT_CONVERSION = YES;
				GCC_WARN_ABOUT_RETURN_TYPE = YES_ERROR;
				GCC_WARN_UNDECLARED_SELECTOR = YES;
				GCC_WARN_UNINITIALIZED_AUTOS = YES_AGGRESSIVE;
				GCC_WARN_UNUSED_FUNCTION = YES;
				GCC_WARN_UNUSED_VARIABLE = YES;
				MACOSX_DEPLOYMENT_TARGET = 13.0;
				MTL_ENABLE_DEBUG_INFO = NO;
				MTL_FAST_MATH = YES;
				SDKROOT = macosx;
				SWIFT_COMPILATION_MODE = wholemodule;
				SWIFT_OPTIMIZATION_LEVEL = "-O";
			};
			name = Release;
		};
		54492FBE29470650002AF0A4 /* Debug */ = {
			isa = XCBuildConfiguration;
			buildSettings = {
				ASSETCATALOG_COMPILER_APPICON_NAME = AppIcon;
				ASSETCATALOG_COMPILER_GLOBAL_ACCENT_COLOR_NAME = AccentColor;
				CODE_SIGN_ENTITLEMENTS = ABDifference/ABDifference.entitlements;
				"CODE_SIGN_IDENTITY[sdk=macosx*]" = "Apple Development";
				CODE_SIGN_STYLE = Automatic;
				COMBINE_HIDPI_IMAGES = YES;
				CURRENT_PROJECT_VERSION = 1;
				DEVELOPMENT_ASSET_PATHS = "\"ABDifference/Preview Content\"";
				DEVELOPMENT_TEAM = HPV9E52JPX;
				ENABLE_HARDENED_RUNTIME = YES;
				ENABLE_PREVIEWS = YES;
				GENERATE_INFOPLIST_FILE = YES;
				INFOPLIST_KEY_NSHumanReadableCopyright = "";
				LD_RUNPATH_SEARCH_PATHS = (
					"$(inherited)",
					"@executable_path/../Frameworks",
				);
				MARKETING_VERSION = 1.0;
				PRODUCT_BUNDLE_IDENTIFIER = com.nail.ABDifference;
				PRODUCT_NAME = "$(TARGET_NAME)";
				SWIFT_EMIT_LOC_STRINGS = YES;
				SWIFT_VERSION = 5.0;
			};
			name = Debug;
		};
		54492FBF29470650002AF0A4 /* Release */ = {
			isa = XCBuildConfiguration;
			buildSettings = {
				ASSETCATALOG_COMPILER_APPICON_NAME = AppIcon;
				ASSETCATALOG_COMPILER_GLOBAL_ACCENT_COLOR_NAME = AccentColor;
				CODE_SIGN_ENTITLEMENTS = ABDifference/ABDifference.entitlements;
				"CODE_SIGN_IDENTITY[sdk=macosx*]" = "Apple Development";
				CODE_SIGN_STYLE = Automatic;
				COMBINE_HIDPI_IMAGES = YES;
				CURRENT_PROJECT_VERSION = 1;
				DEVELOPMENT_ASSET_PATHS = "\"ABDifference/Preview Content\"";
				DEVELOPMENT_TEAM = HPV9E52JPX;
				ENABLE_HARDENED_RUNTIME = YES;
				ENABLE_PREVIEWS = YES;
				GENERATE_INFOPLIST_FILE = YES;
				INFOPLIST_KEY_NSHumanReadableCopyright = "";
				LD_RUNPATH_SEARCH_PATHS = (
					"$(inherited)",
					"@executable_path/../Frameworks",
				);
				MARKETING_VERSION = 1.0;
				PRODUCT_BUNDLE_IDENTIFIER = com.nail.ABDifference;
				PRODUCT_NAME = "$(TARGET_NAME)";
				SWIFT_EMIT_LOC_STRINGS = YES;
				SWIFT_VERSION = 5.0;
			};
			name = Release;
		};
/* End XCBuildConfiguration section */

/* Begin XCConfigurationList section */
		54492FA92947064E002AF0A4 /* Build configuration list for PBXProject "ABDifference" */ = {
			isa = XCConfigurationList;
			buildConfigurations = (
				54492FBB29470650002AF0A4 /* Debug */,
				54492FBC29470650002AF0A4 /* Release */,
			);
			defaultConfigurationIsVisible = 0;
			defaultConfigurationName = Release;
		};
		54492FBD29470650002AF0A4 /* Build configuration list for PBXNativeTarget "ABDifference" */ = {
			isa = XCConfigurationList;
			buildConfigurations = (
				54492FBE29470650002AF0A4 /* Debug */,
				54492FBF29470650002AF0A4 /* Release */,
			);
			defaultConfigurationIsVisible = 0;
			defaultConfigurationName = Release;
		};
/* End XCConfigurationList section */

/* Begin XCSwiftPackageProductDependency section */
		54492FCC29470779002AF0A4 /* DebugUtil */ = {
			isa = XCSwiftPackageProductDependency;
			productName = DebugUtil;
		};
		54492FCE29470779002AF0A4 /* iGeometry */ = {
			isa = XCSwiftPackageProductDependency;
			productName = iGeometry;
		};
		54492FD029470779002AF0A4 /* iShapeOverlay */ = {
			isa = XCSwiftPackageProductDependency;
			productName = iShapeOverlay;
		};
/* End XCSwiftPackageProductDependency section */
	};
	rootObject = 54492FA62947064E002AF0A4 /* Project object */;
}
