{
  "pins" : [
    {
      "identity" : "igeometry",
      "kind" : "remoteSourceControl",
      "location" : "https://github.com/iShape-Swift/iGeometry",
      "state" : {
        "revision" : "aaf251955599c97459b8273bb5151125bbc9f630",
        "version" : "1.10.0"
      }
    }
  ],
  "version" : 2
}
